
Microsoft Visual Studio Solution File, Format Version 12.00
# Visual Studio Version 17
VisualStudioVersion = 17.5.002.0
MinimumVisualStudioVersion = 10.0.40219.1
Project("{2150E333-8FDC-42A3-9474-1A3956D46DE8}") = "Lectures", "Lectures", "{C5C8598D-9065-42FE-8E60-F0DDB7F6AF16}"
EndProject
Project("{2150E333-8FDC-42A3-9474-1A3956D46DE8}") = "Lesson1", "Lesson1", "{45CE2739-1E93-4DA8-9341-4F8CB9532D96}"
EndProject
Project("{9A19103F-16F7-4668-BE54-9A1E7A4F7556}") = "HomeTask1", "Lectures\Lesson1\HomeTask1\HomeTask1.csproj", "{62D99962-DC02-4B0C-87A0-F7C419FDBE54}"
EndProject
Project("{9A19103F-16F7-4668-BE54-9A1E7A4F7556}") = "task1", "Lectures\Lesson1\task1\task1.csproj", "{52598240-D14F-4DC4-9003-FCBC9E0B159C}"
EndProject
Project("{9A19103F-16F7-4668-BE54-9A1E7A4F7556}") = "task2", "Lectures\Lesson1\task2\task2.csproj", "{FB3AA323-92DE-4017-8244-083A41C7DA93}"
EndProject
Project("{9A19103F-16F7-4668-BE54-9A1E7A4F7556}") = "task3", "Lectures\Lesson1\task3\task3.csproj", "{4F6F1303-4422-498A-A7A7-4A3CE5854FFD}"
EndProject
Project("{9A19103F-16F7-4668-BE54-9A1E7A4F7556}") = "task4", "Lectures\Lesson1\task4\task4.csproj", "{80365D93-015A-4FAA-B7F9-A42DA72C2AF1}"
EndProject
Project("{9A19103F-16F7-4668-BE54-9A1E7A4F7556}") = "task5", "Lectures\Lesson1\task5\task5.csproj", "{C90E6080-7CA9-40A1-9693-B8D3D3135595}"
EndProject
Project("{2150E333-8FDC-42A3-9474-1A3956D46DE8}") = "Seminars", "Seminars", "{51E01CDE-3A44-4275-AB89-0A68C5BF73F9}"
EndProject
Project("{2150E333-8FDC-42A3-9474-1A3956D46DE8}") = "Lesson1", "Lesson1", "{8C33833F-049C-4FB9-8BF8-DABF5C31FBCB}"
EndProject
Project("{9A19103F-16F7-4668-BE54-9A1E7A4F7556}") = "task1", "Seminars\Lesson1\task1\task1.csproj", "{620CA9DB-847C-4F37-B5E3-D549D6E62118}"
EndProject
Project("{2150E333-8FDC-42A3-9474-1A3956D46DE8}") = "Lesson2", "Lesson2", "{9FB884DC-00F3-4827-A437-379E00DCC2E6}"
EndProject
Project("{2150E333-8FDC-42A3-9474-1A3956D46DE8}") = "HomeTask", "HomeTask", "{CF246DEC-543F-4014-A298-993845632813}"
EndProject
Project("{9A19103F-16F7-4668-BE54-9A1E7A4F7556}") = "task1", "Seminars\Lesson2\HomeTask\task1\task1.csproj", "{4B9B0F64-8CEE-4B41-8085-03085C13513A}"
EndProject
Project("{9A19103F-16F7-4668-BE54-9A1E7A4F7556}") = "task2", "Seminars\Lesson2\HomeTask\task2\task2.csproj", "{C9D6BC29-C1E3-410C-BB19-92BE2425075E}"
EndProject
Project("{9A19103F-16F7-4668-BE54-9A1E7A4F7556}") = "task3", "Seminars\Lesson2\HomeTask\task3\task3.csproj", "{1CF405FF-7641-462A-9031-41D13118D0CC}"
EndProject
Project("{9A19103F-16F7-4668-BE54-9A1E7A4F7556}") = "task4", "Seminars\Lesson2\HomeTask\task4\task4.csproj", "{1D6E7B78-C3AF-4EAB-A6FF-28CEED769825}"
EndProject
Global
	GlobalSection(SolutionConfigurationPlatforms) = preSolution
		Debug|Any CPU = Debug|Any CPU
		Release|Any CPU = Release|Any CPU
	EndGlobalSection
	GlobalSection(ProjectConfigurationPlatforms) = postSolution
		{62D99962-DC02-4B0C-87A0-F7C419FDBE54}.Debug|Any CPU.ActiveCfg = Debug|Any CPU
		{62D99962-DC02-4B0C-87A0-F7C419FDBE54}.Debug|Any CPU.Build.0 = Debug|Any CPU
		{62D99962-DC02-4B0C-87A0-F7C419FDBE54}.Release|Any CPU.ActiveCfg = Release|Any CPU
		{62D99962-DC02-4B0C-87A0-F7C419FDBE54}.Release|Any CPU.Build.0 = Release|Any CPU
		{52598240-D14F-4DC4-9003-FCBC9E0B159C}.Debug|Any CPU.ActiveCfg = Debug|Any CPU
		{52598240-D14F-4DC4-9003-FCBC9E0B159C}.Debug|Any CPU.Build.0 = Debug|Any CPU
		{52598240-D14F-4DC4-9003-FCBC9E0B159C}.Release|Any CPU.ActiveCfg = Release|Any CPU
		{52598240-D14F-4DC4-9003-FCBC9E0B159C}.Release|Any CPU.Build.0 = Release|Any CPU
		{FB3AA323-92DE-4017-8244-083A41C7DA93}.Debug|Any CPU.ActiveCfg = Debug|Any CPU
		{FB3AA323-92DE-4017-8244-083A41C7DA93}.Debug|Any CPU.Build.0 = Debug|Any CPU
		{FB3AA323-92DE-4017-8244-083A41C7DA93}.Release|Any CPU.ActiveCfg = Release|Any CPU
		{FB3AA323-92DE-4017-8244-083A41C7DA93}.Release|Any CPU.Build.0 = Release|Any CPU
		{4F6F1303-4422-498A-A7A7-4A3CE5854FFD}.Debug|Any CPU.ActiveCfg = Debug|Any CPU
		{4F6F1303-4422-498A-A7A7-4A3CE5854FFD}.Debug|Any CPU.Build.0 = Debug|Any CPU
		{4F6F1303-4422-498A-A7A7-4A3CE5854FFD}.Release|Any CPU.ActiveCfg = Release|Any CPU
		{4F6F1303-4422-498A-A7A7-4A3CE5854FFD}.Release|Any CPU.Build.0 = Release|Any CPU
		{80365D93-015A-4FAA-B7F9-A42DA72C2AF1}.Debug|Any CPU.ActiveCfg = Debug|Any CPU
		{80365D93-015A-4FAA-B7F9-A42DA72C2AF1}.Debug|Any CPU.Build.0 = Debug|Any CPU
		{80365D93-015A-4FAA-B7F9-A42DA72C2AF1}.Release|Any CPU.ActiveCfg = Release|Any CPU
		{80365D93-015A-4FAA-B7F9-A42DA72C2AF1}.Release|Any CPU.Build.0 = Release|Any CPU
		{C90E6080-7CA9-40A1-9693-B8D3D3135595}.Debug|Any CPU.ActiveCfg = Debug|Any CPU
		{C90E6080-7CA9-40A1-9693-B8D3D3135595}.Debug|Any CPU.Build.0 = Debug|Any CPU
		{C90E6080-7CA9-40A1-9693-B8D3D3135595}.Release|Any CPU.ActiveCfg = Release|Any CPU
		{C90E6080-7CA9-40A1-9693-B8D3D3135595}.Release|Any CPU.Build.0 = Release|Any CPU
		{620CA9DB-847C-4F37-B5E3-D549D6E62118}.Debug|Any CPU.ActiveCfg = Debug|Any CPU
		{620CA9DB-847C-4F37-B5E3-D549D6E62118}.Debug|Any CPU.Build.0 = Debug|Any CPU
		{620CA9DB-847C-4F37-B5E3-D549D6E62118}.Release|Any CPU.ActiveCfg = Release|Any CPU
		{620CA9DB-847C-4F37-B5E3-D549D6E62118}.Release|Any CPU.Build.0 = Release|Any CPU
		{4B9B0F64-8CEE-4B41-8085-03085C13513A}.Debug|Any CPU.ActiveCfg = Debug|Any CPU
		{4B9B0F64-8CEE-4B41-8085-03085C13513A}.Debug|Any CPU.Build.0 = Debug|Any CPU
		{4B9B0F64-8CEE-4B41-8085-03085C13513A}.Release|Any CPU.ActiveCfg = Release|Any CPU
		{4B9B0F64-8CEE-4B41-8085-03085C13513A}.Release|Any CPU.Build.0 = Release|Any CPU
		{C9D6BC29-C1E3-410C-BB19-92BE2425075E}.Debug|Any CPU.ActiveCfg = Debug|Any CPU
		{C9D6BC29-C1E3-410C-BB19-92BE2425075E}.Debug|Any CPU.Build.0 = Debug|Any CPU
		{C9D6BC29-C1E3-410C-BB19-92BE2425075E}.Release|Any CPU.ActiveCfg = Release|Any CPU
		{C9D6BC29-C1E3-410C-BB19-92BE2425075E}.Release|Any CPU.Build.0 = Release|Any CPU
		{1CF405FF-7641-462A-9031-41D13118D0CC}.Debug|Any CPU.ActiveCfg = Debug|Any CPU
		{1CF405FF-7641-462A-9031-41D13118D0CC}.Debug|Any CPU.Build.0 = Debug|Any CPU
		{1CF405FF-7641-462A-9031-41D13118D0CC}.Release|Any CPU.ActiveCfg = Release|Any CPU
		{1CF405FF-7641-462A-9031-41D13118D0CC}.Release|Any CPU.Build.0 = Release|Any CPU
		{1D6E7B78-C3AF-4EAB-A6FF-28CEED769825}.Debug|Any CPU.ActiveCfg = Debug|Any CPU
		{1D6E7B78-C3AF-4EAB-A6FF-28CEED769825}.Debug|Any CPU.Build.0 = Debug|Any CPU
		{1D6E7B78-C3AF-4EAB-A6FF-28CEED769825}.Release|Any CPU.ActiveCfg = Release|Any CPU
		{1D6E7B78-C3AF-4EAB-A6FF-28CEED769825}.Release|Any CPU.Build.0 = Release|Any CPU
	EndGlobalSection
	GlobalSection(SolutionProperties) = preSolution
		HideSolutionNode = FALSE
	EndGlobalSection
	GlobalSection(NestedProjects) = preSolution
		{45CE2739-1E93-4DA8-9341-4F8CB9532D96} = {C5C8598D-9065-42FE-8E60-F0DDB7F6AF16}
		{62D99962-DC02-4B0C-87A0-F7C419FDBE54} = {45CE2739-1E93-4DA8-9341-4F8CB9532D96}
		{52598240-D14F-4DC4-9003-FCBC9E0B159C} = {45CE2739-1E93-4DA8-9341-4F8CB9532D96}
		{FB3AA323-92DE-4017-8244-083A41C7DA93} = {45CE2739-1E93-4DA8-9341-4F8CB9532D96}
		{4F6F1303-4422-498A-A7A7-4A3CE5854FFD} = {45CE2739-1E93-4DA8-9341-4F8CB9532D96}
		{80365D93-015A-4FAA-B7F9-A42DA72C2AF1} = {45CE2739-1E93-4DA8-9341-4F8CB9532D96}
		{C90E6080-7CA9-40A1-9693-B8D3D3135595} = {45CE2739-1E93-4DA8-9341-4F8CB9532D96}
		{8C33833F-049C-4FB9-8BF8-DABF5C31FBCB} = {51E01CDE-3A44-4275-AB89-0A68C5BF73F9}
		{620CA9DB-847C-4F37-B5E3-D549D6E62118} = {8C33833F-049C-4FB9-8BF8-DABF5C31FBCB}
		{9FB884DC-00F3-4827-A437-379E00DCC2E6} = {51E01CDE-3A44-4275-AB89-0A68C5BF73F9}
		{CF246DEC-543F-4014-A298-993845632813} = {9FB884DC-00F3-4827-A437-379E00DCC2E6}
		{4B9B0F64-8CEE-4B41-8085-03085C13513A} = {CF246DEC-543F-4014-A298-993845632813}
		{C9D6BC29-C1E3-410C-BB19-92BE2425075E} = {CF246DEC-543F-4014-A298-993845632813}
		{1CF405FF-7641-462A-9031-41D13118D0CC} = {CF246DEC-543F-4014-A298-993845632813}
		{1D6E7B78-C3AF-4EAB-A6FF-28CEED769825} = {CF246DEC-543F-4014-A298-993845632813}
	EndGlobalSection
	GlobalSection(ExtensibilityGlobals) = postSolution
		SolutionGuid = {4ED2322D-D3CF-4C4B-B486-B976C9BF7F86}
	EndGlobalSection
EndGlobal
