
Microsoft Visual Studio Solution File, Format Version 12.00
# Visual Studio Version 17
VisualStudioVersion = 17.5.002.0
MinimumVisualStudioVersion = 10.0.40219.1
Project("{2150E333-8FDC-42A3-9474-1A3956D46DE8}") = "Lectures", "Lectures", "{61335134-F4B5-44DE-ADA4-DDF099A55EE3}"
EndProject
Project("{2150E333-8FDC-42A3-9474-1A3956D46DE8}") = "Lesson1", "Lesson1", "{A193686C-2818-4E89-9289-94A653CBB950}"
EndProject
Project("{9A19103F-16F7-4668-BE54-9A1E7A4F7556}") = "HomeTask1", "Lectures\Lesson1\HomeTask1\HomeTask1.csproj", "{29DE1557-2083-4D3B-8C51-39C5EEFEC880}"
EndProject
Project("{9A19103F-16F7-4668-BE54-9A1E7A4F7556}") = "task1", "Lectures\Lesson1\task1\task1.csproj", "{03CE7511-F663-4F31-A903-8A31C35BF565}"
EndProject
Project("{9A19103F-16F7-4668-BE54-9A1E7A4F7556}") = "task2", "Lectures\Lesson1\task2\task2.csproj", "{6F356E66-C037-414F-8105-DEF56062303A}"
EndProject
Project("{9A19103F-16F7-4668-BE54-9A1E7A4F7556}") = "task3", "Lectures\Lesson1\task3\task3.csproj", "{34420F3B-C639-424A-8F4B-AF8796C19A81}"
EndProject
Project("{9A19103F-16F7-4668-BE54-9A1E7A4F7556}") = "task4", "Lectures\Lesson1\task4\task4.csproj", "{ACEB01DA-0FA4-4B1B-9D2D-5F4C20438944}"
EndProject
Project("{9A19103F-16F7-4668-BE54-9A1E7A4F7556}") = "task5", "Lectures\Lesson1\task5\task5.csproj", "{0C47DF27-C1F5-4D9D-BEF0-91CD23592939}"
EndProject
Project("{2150E333-8FDC-42A3-9474-1A3956D46DE8}") = "Lesson2", "Lesson2", "{3D0DD139-3365-4B51-B5B3-AA7DF40A94C8}"
EndProject
Project("{9A19103F-16F7-4668-BE54-9A1E7A4F7556}") = "task1", "Lectures\Lesson2\task1\task1.csproj", "{F4477399-E075-46AD-8404-6F389806136E}"
EndProject
Project("{9A19103F-16F7-4668-BE54-9A1E7A4F7556}") = "task2", "Lectures\Lesson2\task2\task2.csproj", "{5AEC9186-41C9-4E22-A4D6-D9CAFCD1E008}"
EndProject
Project("{9A19103F-16F7-4668-BE54-9A1E7A4F7556}") = "task3", "Lectures\Lesson2\task3\task3.csproj", "{32174EA5-C990-4F73-9795-FAFD15A99772}"
EndProject
Project("{9A19103F-16F7-4668-BE54-9A1E7A4F7556}") = "task4", "Lectures\Lesson2\task4\task4.csproj", "{07A36A86-EAB8-4818-B9E1-BD259BC3AFB1}"
EndProject
Project("{2150E333-8FDC-42A3-9474-1A3956D46DE8}") = "Seminars", "Seminars", "{D9BC7361-4EA7-457D-BA13-F54DA3693737}"
EndProject
Project("{2150E333-8FDC-42A3-9474-1A3956D46DE8}") = "Lesson1", "Lesson1", "{4C1B70A9-223C-4825-89E6-B494CA0D24DE}"
EndProject
Project("{9A19103F-16F7-4668-BE54-9A1E7A4F7556}") = "task1", "Seminars\Lesson1\task1\task1.csproj", "{80EF5F67-47DD-46AC-AD25-37EF20884FFC}"
EndProject
Project("{2150E333-8FDC-42A3-9474-1A3956D46DE8}") = "Lesson2", "Lesson2", "{95F0382F-436A-408A-8B05-65FAB90225BB}"
EndProject
Project("{2150E333-8FDC-42A3-9474-1A3956D46DE8}") = "HomeTask", "HomeTask", "{8C75D067-BC07-4C6F-BC82-AA3E713DE784}"
EndProject
Project("{9A19103F-16F7-4668-BE54-9A1E7A4F7556}") = "task1", "Seminars\Lesson2\HomeTask\task1\task1.csproj", "{98C7019A-7419-4847-B4B9-B5EBE7748A83}"
EndProject
Project("{9A19103F-16F7-4668-BE54-9A1E7A4F7556}") = "task2", "Seminars\Lesson2\HomeTask\task2\task2.csproj", "{BA259808-E93D-43F6-8C16-A0185032BB7E}"
EndProject
Project("{9A19103F-16F7-4668-BE54-9A1E7A4F7556}") = "task3", "Seminars\Lesson2\HomeTask\task3\task3.csproj", "{7CA3EC60-790F-4AF0-9989-959E62B76F26}"
EndProject
Project("{9A19103F-16F7-4668-BE54-9A1E7A4F7556}") = "task4", "Seminars\Lesson2\HomeTask\task4\task4.csproj", "{BDFCC62C-C19E-43D0-B174-6DD90D9A0BCB}"
EndProject
Project("{2150E333-8FDC-42A3-9474-1A3956D46DE8}") = "Lesson3", "Lesson3", "{B258E979-633B-401F-AE21-0C009C2B00F4}"
EndProject
Project("{2150E333-8FDC-42A3-9474-1A3956D46DE8}") = "ExtraHomeTask", "ExtraHomeTask", "{FC01B5FA-62E1-409D-BAA8-94CE757202DF}"
EndProject
Project("{2150E333-8FDC-42A3-9474-1A3956D46DE8}") = "Easy", "Easy", "{329BC2EB-9850-4542-AE5A-EFF9F5F6381C}"
EndProject
Project("{9A19103F-16F7-4668-BE54-9A1E7A4F7556}") = "task1", "Seminars\Lesson3\ExtraHomeTask\Easy\task1\task1.csproj", "{A26E5A6A-ABDC-4AB5-8DF8-DE14F03D67C9}"
EndProject
Project("{9A19103F-16F7-4668-BE54-9A1E7A4F7556}") = "task2", "Seminars\Lesson3\ExtraHomeTask\Easy\task2\task2.csproj", "{3E08B21E-D9BF-4A49-AA4E-0C0F6694C189}"
EndProject
Project("{9A19103F-16F7-4668-BE54-9A1E7A4F7556}") = "task3", "Seminars\Lesson3\ExtraHomeTask\Easy\task3\task3.csproj", "{93FCF237-C685-495F-A511-6EB2F683FC9A}"
EndProject
Project("{9A19103F-16F7-4668-BE54-9A1E7A4F7556}") = "task4", "Seminars\Lesson3\ExtraHomeTask\Easy\task4\task4.csproj", "{D1ED9C52-1036-4E12-8332-9684CB2F62E4}"
EndProject
Project("{9A19103F-16F7-4668-BE54-9A1E7A4F7556}") = "task5", "Seminars\Lesson3\ExtraHomeTask\Easy\task5\task5.csproj", "{64A3E32A-63A7-40B1-8693-3369BADAF683}"
EndProject
Project("{9A19103F-16F7-4668-BE54-9A1E7A4F7556}") = "task6", "Seminars\Lesson3\ExtraHomeTask\Easy\task6\task6.csproj", "{5ED88695-DFB8-431D-BC3D-C0246F38B1FD}"
EndProject
Project("{9A19103F-16F7-4668-BE54-9A1E7A4F7556}") = "task7", "Seminars\Lesson3\ExtraHomeTask\Easy\task7\task7.csproj", "{5BAE8651-0589-4EEC-830E-FF6FE879E11E}"
EndProject
Project("{2150E333-8FDC-42A3-9474-1A3956D46DE8}") = "Medium", "Medium", "{C6D40218-E124-4061-987A-7C21ECE81A11}"
EndProject
Project("{9A19103F-16F7-4668-BE54-9A1E7A4F7556}") = "task1", "Seminars\Lesson3\ExtraHomeTask\Medium\task1\task1.csproj", "{68A0FCD6-8685-4460-87B2-F8554435AD11}"
EndProject
Project("{9A19103F-16F7-4668-BE54-9A1E7A4F7556}") = "task2", "Seminars\Lesson3\ExtraHomeTask\Medium\task2\task2.csproj", "{08D638A8-F744-4CA9-BA14-B7F3B6974485}"
EndProject
Project("{9A19103F-16F7-4668-BE54-9A1E7A4F7556}") = "task3", "Seminars\Lesson3\ExtraHomeTask\Medium\task3\task3.csproj", "{9AF4480F-E3F2-46C1-BC8D-530563EAD8A7}"
EndProject
Global
	GlobalSection(SolutionConfigurationPlatforms) = preSolution
		Debug|Any CPU = Debug|Any CPU
		Release|Any CPU = Release|Any CPU
	EndGlobalSection
	GlobalSection(ProjectConfigurationPlatforms) = postSolution
		{29DE1557-2083-4D3B-8C51-39C5EEFEC880}.Debug|Any CPU.ActiveCfg = Debug|Any CPU
		{29DE1557-2083-4D3B-8C51-39C5EEFEC880}.Debug|Any CPU.Build.0 = Debug|Any CPU
		{29DE1557-2083-4D3B-8C51-39C5EEFEC880}.Release|Any CPU.ActiveCfg = Release|Any CPU
		{29DE1557-2083-4D3B-8C51-39C5EEFEC880}.Release|Any CPU.Build.0 = Release|Any CPU
		{03CE7511-F663-4F31-A903-8A31C35BF565}.Debug|Any CPU.ActiveCfg = Debug|Any CPU
		{03CE7511-F663-4F31-A903-8A31C35BF565}.Debug|Any CPU.Build.0 = Debug|Any CPU
		{03CE7511-F663-4F31-A903-8A31C35BF565}.Release|Any CPU.ActiveCfg = Release|Any CPU
		{03CE7511-F663-4F31-A903-8A31C35BF565}.Release|Any CPU.Build.0 = Release|Any CPU
		{6F356E66-C037-414F-8105-DEF56062303A}.Debug|Any CPU.ActiveCfg = Debug|Any CPU
		{6F356E66-C037-414F-8105-DEF56062303A}.Debug|Any CPU.Build.0 = Debug|Any CPU
		{6F356E66-C037-414F-8105-DEF56062303A}.Release|Any CPU.ActiveCfg = Release|Any CPU
		{6F356E66-C037-414F-8105-DEF56062303A}.Release|Any CPU.Build.0 = Release|Any CPU
		{34420F3B-C639-424A-8F4B-AF8796C19A81}.Debug|Any CPU.ActiveCfg = Debug|Any CPU
		{34420F3B-C639-424A-8F4B-AF8796C19A81}.Debug|Any CPU.Build.0 = Debug|Any CPU
		{34420F3B-C639-424A-8F4B-AF8796C19A81}.Release|Any CPU.ActiveCfg = Release|Any CPU
		{34420F3B-C639-424A-8F4B-AF8796C19A81}.Release|Any CPU.Build.0 = Release|Any CPU
		{ACEB01DA-0FA4-4B1B-9D2D-5F4C20438944}.Debug|Any CPU.ActiveCfg = Debug|Any CPU
		{ACEB01DA-0FA4-4B1B-9D2D-5F4C20438944}.Debug|Any CPU.Build.0 = Debug|Any CPU
		{ACEB01DA-0FA4-4B1B-9D2D-5F4C20438944}.Release|Any CPU.ActiveCfg = Release|Any CPU
		{ACEB01DA-0FA4-4B1B-9D2D-5F4C20438944}.Release|Any CPU.Build.0 = Release|Any CPU
		{0C47DF27-C1F5-4D9D-BEF0-91CD23592939}.Debug|Any CPU.ActiveCfg = Debug|Any CPU
		{0C47DF27-C1F5-4D9D-BEF0-91CD23592939}.Debug|Any CPU.Build.0 = Debug|Any CPU
		{0C47DF27-C1F5-4D9D-BEF0-91CD23592939}.Release|Any CPU.ActiveCfg = Release|Any CPU
		{0C47DF27-C1F5-4D9D-BEF0-91CD23592939}.Release|Any CPU.Build.0 = Release|Any CPU
		{F4477399-E075-46AD-8404-6F389806136E}.Debug|Any CPU.ActiveCfg = Debug|Any CPU
		{F4477399-E075-46AD-8404-6F389806136E}.Debug|Any CPU.Build.0 = Debug|Any CPU
		{F4477399-E075-46AD-8404-6F389806136E}.Release|Any CPU.ActiveCfg = Release|Any CPU
		{F4477399-E075-46AD-8404-6F389806136E}.Release|Any CPU.Build.0 = Release|Any CPU
		{5AEC9186-41C9-4E22-A4D6-D9CAFCD1E008}.Debug|Any CPU.ActiveCfg = Debug|Any CPU
		{5AEC9186-41C9-4E22-A4D6-D9CAFCD1E008}.Debug|Any CPU.Build.0 = Debug|Any CPU
		{5AEC9186-41C9-4E22-A4D6-D9CAFCD1E008}.Release|Any CPU.ActiveCfg = Release|Any CPU
		{5AEC9186-41C9-4E22-A4D6-D9CAFCD1E008}.Release|Any CPU.Build.0 = Release|Any CPU
		{32174EA5-C990-4F73-9795-FAFD15A99772}.Debug|Any CPU.ActiveCfg = Debug|Any CPU
		{32174EA5-C990-4F73-9795-FAFD15A99772}.Debug|Any CPU.Build.0 = Debug|Any CPU
		{32174EA5-C990-4F73-9795-FAFD15A99772}.Release|Any CPU.ActiveCfg = Release|Any CPU
		{32174EA5-C990-4F73-9795-FAFD15A99772}.Release|Any CPU.Build.0 = Release|Any CPU
		{07A36A86-EAB8-4818-B9E1-BD259BC3AFB1}.Debug|Any CPU.ActiveCfg = Debug|Any CPU
		{07A36A86-EAB8-4818-B9E1-BD259BC3AFB1}.Debug|Any CPU.Build.0 = Debug|Any CPU
		{07A36A86-EAB8-4818-B9E1-BD259BC3AFB1}.Release|Any CPU.ActiveCfg = Release|Any CPU
		{07A36A86-EAB8-4818-B9E1-BD259BC3AFB1}.Release|Any CPU.Build.0 = Release|Any CPU
		{80EF5F67-47DD-46AC-AD25-37EF20884FFC}.Debug|Any CPU.ActiveCfg = Debug|Any CPU
		{80EF5F67-47DD-46AC-AD25-37EF20884FFC}.Debug|Any CPU.Build.0 = Debug|Any CPU
		{80EF5F67-47DD-46AC-AD25-37EF20884FFC}.Release|Any CPU.ActiveCfg = Release|Any CPU
		{80EF5F67-47DD-46AC-AD25-37EF20884FFC}.Release|Any CPU.Build.0 = Release|Any CPU
		{98C7019A-7419-4847-B4B9-B5EBE7748A83}.Debug|Any CPU.ActiveCfg = Debug|Any CPU
		{98C7019A-7419-4847-B4B9-B5EBE7748A83}.Debug|Any CPU.Build.0 = Debug|Any CPU
		{98C7019A-7419-4847-B4B9-B5EBE7748A83}.Release|Any CPU.ActiveCfg = Release|Any CPU
		{98C7019A-7419-4847-B4B9-B5EBE7748A83}.Release|Any CPU.Build.0 = Release|Any CPU
		{BA259808-E93D-43F6-8C16-A0185032BB7E}.Debug|Any CPU.ActiveCfg = Debug|Any CPU
		{BA259808-E93D-43F6-8C16-A0185032BB7E}.Debug|Any CPU.Build.0 = Debug|Any CPU
		{BA259808-E93D-43F6-8C16-A0185032BB7E}.Release|Any CPU.ActiveCfg = Release|Any CPU
		{BA259808-E93D-43F6-8C16-A0185032BB7E}.Release|Any CPU.Build.0 = Release|Any CPU
		{7CA3EC60-790F-4AF0-9989-959E62B76F26}.Debug|Any CPU.ActiveCfg = Debug|Any CPU
		{7CA3EC60-790F-4AF0-9989-959E62B76F26}.Debug|Any CPU.Build.0 = Debug|Any CPU
		{7CA3EC60-790F-4AF0-9989-959E62B76F26}.Release|Any CPU.ActiveCfg = Release|Any CPU
		{7CA3EC60-790F-4AF0-9989-959E62B76F26}.Release|Any CPU.Build.0 = Release|Any CPU
		{BDFCC62C-C19E-43D0-B174-6DD90D9A0BCB}.Debug|Any CPU.ActiveCfg = Debug|Any CPU
		{BDFCC62C-C19E-43D0-B174-6DD90D9A0BCB}.Debug|Any CPU.Build.0 = Debug|Any CPU
		{BDFCC62C-C19E-43D0-B174-6DD90D9A0BCB}.Release|Any CPU.ActiveCfg = Release|Any CPU
		{BDFCC62C-C19E-43D0-B174-6DD90D9A0BCB}.Release|Any CPU.Build.0 = Release|Any CPU
		{A26E5A6A-ABDC-4AB5-8DF8-DE14F03D67C9}.Debug|Any CPU.ActiveCfg = Debug|Any CPU
		{A26E5A6A-ABDC-4AB5-8DF8-DE14F03D67C9}.Debug|Any CPU.Build.0 = Debug|Any CPU
		{A26E5A6A-ABDC-4AB5-8DF8-DE14F03D67C9}.Release|Any CPU.ActiveCfg = Release|Any CPU
		{A26E5A6A-ABDC-4AB5-8DF8-DE14F03D67C9}.Release|Any CPU.Build.0 = Release|Any CPU
		{3E08B21E-D9BF-4A49-AA4E-0C0F6694C189}.Debug|Any CPU.ActiveCfg = Debug|Any CPU
		{3E08B21E-D9BF-4A49-AA4E-0C0F6694C189}.Debug|Any CPU.Build.0 = Debug|Any CPU
		{3E08B21E-D9BF-4A49-AA4E-0C0F6694C189}.Release|Any CPU.ActiveCfg = Release|Any CPU
		{3E08B21E-D9BF-4A49-AA4E-0C0F6694C189}.Release|Any CPU.Build.0 = Release|Any CPU
		{93FCF237-C685-495F-A511-6EB2F683FC9A}.Debug|Any CPU.ActiveCfg = Debug|Any CPU
		{93FCF237-C685-495F-A511-6EB2F683FC9A}.Debug|Any CPU.Build.0 = Debug|Any CPU
		{93FCF237-C685-495F-A511-6EB2F683FC9A}.Release|Any CPU.ActiveCfg = Release|Any CPU
		{93FCF237-C685-495F-A511-6EB2F683FC9A}.Release|Any CPU.Build.0 = Release|Any CPU
		{D1ED9C52-1036-4E12-8332-9684CB2F62E4}.Debug|Any CPU.ActiveCfg = Debug|Any CPU
		{D1ED9C52-1036-4E12-8332-9684CB2F62E4}.Debug|Any CPU.Build.0 = Debug|Any CPU
		{D1ED9C52-1036-4E12-8332-9684CB2F62E4}.Release|Any CPU.ActiveCfg = Release|Any CPU
		{D1ED9C52-1036-4E12-8332-9684CB2F62E4}.Release|Any CPU.Build.0 = Release|Any CPU
		{64A3E32A-63A7-40B1-8693-3369BADAF683}.Debug|Any CPU.ActiveCfg = Debug|Any CPU
		{64A3E32A-63A7-40B1-8693-3369BADAF683}.Debug|Any CPU.Build.0 = Debug|Any CPU
		{64A3E32A-63A7-40B1-8693-3369BADAF683}.Release|Any CPU.ActiveCfg = Release|Any CPU
		{64A3E32A-63A7-40B1-8693-3369BADAF683}.Release|Any CPU.Build.0 = Release|Any CPU
		{5ED88695-DFB8-431D-BC3D-C0246F38B1FD}.Debug|Any CPU.ActiveCfg = Debug|Any CPU
		{5ED88695-DFB8-431D-BC3D-C0246F38B1FD}.Debug|Any CPU.Build.0 = Debug|Any CPU
		{5ED88695-DFB8-431D-BC3D-C0246F38B1FD}.Release|Any CPU.ActiveCfg = Release|Any CPU
		{5ED88695-DFB8-431D-BC3D-C0246F38B1FD}.Release|Any CPU.Build.0 = Release|Any CPU
		{5BAE8651-0589-4EEC-830E-FF6FE879E11E}.Debug|Any CPU.ActiveCfg = Debug|Any CPU
		{5BAE8651-0589-4EEC-830E-FF6FE879E11E}.Debug|Any CPU.Build.0 = Debug|Any CPU
		{5BAE8651-0589-4EEC-830E-FF6FE879E11E}.Release|Any CPU.ActiveCfg = Release|Any CPU
		{5BAE8651-0589-4EEC-830E-FF6FE879E11E}.Release|Any CPU.Build.0 = Release|Any CPU
		{68A0FCD6-8685-4460-87B2-F8554435AD11}.Debug|Any CPU.ActiveCfg = Debug|Any CPU
		{68A0FCD6-8685-4460-87B2-F8554435AD11}.Debug|Any CPU.Build.0 = Debug|Any CPU
		{68A0FCD6-8685-4460-87B2-F8554435AD11}.Release|Any CPU.ActiveCfg = Release|Any CPU
		{68A0FCD6-8685-4460-87B2-F8554435AD11}.Release|Any CPU.Build.0 = Release|Any CPU
		{08D638A8-F744-4CA9-BA14-B7F3B6974485}.Debug|Any CPU.ActiveCfg = Debug|Any CPU
		{08D638A8-F744-4CA9-BA14-B7F3B6974485}.Debug|Any CPU.Build.0 = Debug|Any CPU
		{08D638A8-F744-4CA9-BA14-B7F3B6974485}.Release|Any CPU.ActiveCfg = Release|Any CPU
		{08D638A8-F744-4CA9-BA14-B7F3B6974485}.Release|Any CPU.Build.0 = Release|Any CPU
		{9AF4480F-E3F2-46C1-BC8D-530563EAD8A7}.Debug|Any CPU.ActiveCfg = Debug|Any CPU
		{9AF4480F-E3F2-46C1-BC8D-530563EAD8A7}.Debug|Any CPU.Build.0 = Debug|Any CPU
		{9AF4480F-E3F2-46C1-BC8D-530563EAD8A7}.Release|Any CPU.ActiveCfg = Release|Any CPU
		{9AF4480F-E3F2-46C1-BC8D-530563EAD8A7}.Release|Any CPU.Build.0 = Release|Any CPU
	EndGlobalSection
	GlobalSection(SolutionProperties) = preSolution
		HideSolutionNode = FALSE
	EndGlobalSection
	GlobalSection(NestedProjects) = preSolution
		{A193686C-2818-4E89-9289-94A653CBB950} = {61335134-F4B5-44DE-ADA4-DDF099A55EE3}
		{29DE1557-2083-4D3B-8C51-39C5EEFEC880} = {A193686C-2818-4E89-9289-94A653CBB950}
		{03CE7511-F663-4F31-A903-8A31C35BF565} = {A193686C-2818-4E89-9289-94A653CBB950}
		{6F356E66-C037-414F-8105-DEF56062303A} = {A193686C-2818-4E89-9289-94A653CBB950}
		{34420F3B-C639-424A-8F4B-AF8796C19A81} = {A193686C-2818-4E89-9289-94A653CBB950}
		{ACEB01DA-0FA4-4B1B-9D2D-5F4C20438944} = {A193686C-2818-4E89-9289-94A653CBB950}
		{0C47DF27-C1F5-4D9D-BEF0-91CD23592939} = {A193686C-2818-4E89-9289-94A653CBB950}
		{3D0DD139-3365-4B51-B5B3-AA7DF40A94C8} = {61335134-F4B5-44DE-ADA4-DDF099A55EE3}
		{F4477399-E075-46AD-8404-6F389806136E} = {3D0DD139-3365-4B51-B5B3-AA7DF40A94C8}
		{5AEC9186-41C9-4E22-A4D6-D9CAFCD1E008} = {3D0DD139-3365-4B51-B5B3-AA7DF40A94C8}
		{32174EA5-C990-4F73-9795-FAFD15A99772} = {3D0DD139-3365-4B51-B5B3-AA7DF40A94C8}
		{07A36A86-EAB8-4818-B9E1-BD259BC3AFB1} = {3D0DD139-3365-4B51-B5B3-AA7DF40A94C8}
		{4C1B70A9-223C-4825-89E6-B494CA0D24DE} = {D9BC7361-4EA7-457D-BA13-F54DA3693737}
		{80EF5F67-47DD-46AC-AD25-37EF20884FFC} = {4C1B70A9-223C-4825-89E6-B494CA0D24DE}
		{95F0382F-436A-408A-8B05-65FAB90225BB} = {D9BC7361-4EA7-457D-BA13-F54DA3693737}
		{8C75D067-BC07-4C6F-BC82-AA3E713DE784} = {95F0382F-436A-408A-8B05-65FAB90225BB}
		{98C7019A-7419-4847-B4B9-B5EBE7748A83} = {8C75D067-BC07-4C6F-BC82-AA3E713DE784}
		{BA259808-E93D-43F6-8C16-A0185032BB7E} = {8C75D067-BC07-4C6F-BC82-AA3E713DE784}
		{7CA3EC60-790F-4AF0-9989-959E62B76F26} = {8C75D067-BC07-4C6F-BC82-AA3E713DE784}
		{BDFCC62C-C19E-43D0-B174-6DD90D9A0BCB} = {8C75D067-BC07-4C6F-BC82-AA3E713DE784}
		{B258E979-633B-401F-AE21-0C009C2B00F4} = {D9BC7361-4EA7-457D-BA13-F54DA3693737}
		{FC01B5FA-62E1-409D-BAA8-94CE757202DF} = {B258E979-633B-401F-AE21-0C009C2B00F4}
		{329BC2EB-9850-4542-AE5A-EFF9F5F6381C} = {FC01B5FA-62E1-409D-BAA8-94CE757202DF}
		{A26E5A6A-ABDC-4AB5-8DF8-DE14F03D67C9} = {329BC2EB-9850-4542-AE5A-EFF9F5F6381C}
		{3E08B21E-D9BF-4A49-AA4E-0C0F6694C189} = {329BC2EB-9850-4542-AE5A-EFF9F5F6381C}
		{93FCF237-C685-495F-A511-6EB2F683FC9A} = {329BC2EB-9850-4542-AE5A-EFF9F5F6381C}
		{D1ED9C52-1036-4E12-8332-9684CB2F62E4} = {329BC2EB-9850-4542-AE5A-EFF9F5F6381C}
		{64A3E32A-63A7-40B1-8693-3369BADAF683} = {329BC2EB-9850-4542-AE5A-EFF9F5F6381C}
		{5ED88695-DFB8-431D-BC3D-C0246F38B1FD} = {329BC2EB-9850-4542-AE5A-EFF9F5F6381C}
		{5BAE8651-0589-4EEC-830E-FF6FE879E11E} = {329BC2EB-9850-4542-AE5A-EFF9F5F6381C}
		{C6D40218-E124-4061-987A-7C21ECE81A11} = {FC01B5FA-62E1-409D-BAA8-94CE757202DF}
		{68A0FCD6-8685-4460-87B2-F8554435AD11} = {C6D40218-E124-4061-987A-7C21ECE81A11}
		{08D638A8-F744-4CA9-BA14-B7F3B6974485} = {C6D40218-E124-4061-987A-7C21ECE81A11}
		{9AF4480F-E3F2-46C1-BC8D-530563EAD8A7} = {C6D40218-E124-4061-987A-7C21ECE81A11}
	EndGlobalSection
	GlobalSection(ExtensibilityGlobals) = postSolution
		SolutionGuid = {D989BDC4-CE17-4C6C-A110-16D6232DB14C}
	EndGlobalSection
EndGlobal
