
Microsoft Visual Studio Solution File, Format Version 12.00
# Visual Studio Version 17
VisualStudioVersion = 17.5.002.0
MinimumVisualStudioVersion = 10.0.40219.1
Project("{2150E333-8FDC-42A3-9474-1A3956D46DE8}") = "Lectures", "Lectures", "{C7532FD5-DC44-4E5D-B6A5-782C1BD26090}"
EndProject
Project("{2150E333-8FDC-42A3-9474-1A3956D46DE8}") = "Lesson1", "Lesson1", "{91758E71-D136-4268-955B-906A4720AF20}"
EndProject
Project("{9A19103F-16F7-4668-BE54-9A1E7A4F7556}") = "HomeTask1", "Lectures\Lesson1\HomeTask1\HomeTask1.csproj", "{B036AC20-D61B-4E50-B113-71B6724D9DFD}"
EndProject
Project("{9A19103F-16F7-4668-BE54-9A1E7A4F7556}") = "task1", "Lectures\Lesson1\task1\task1.csproj", "{D211003B-70AA-4484-8B3F-43D8A90D8547}"
EndProject
Project("{9A19103F-16F7-4668-BE54-9A1E7A4F7556}") = "task2", "Lectures\Lesson1\task2\task2.csproj", "{120779C7-F909-4F87-9379-26FC44472F2E}"
EndProject
Project("{9A19103F-16F7-4668-BE54-9A1E7A4F7556}") = "task3", "Lectures\Lesson1\task3\task3.csproj", "{7C5E847C-3FD2-4D26-A25C-AD8C32EFBDE0}"
EndProject
Project("{9A19103F-16F7-4668-BE54-9A1E7A4F7556}") = "task4", "Lectures\Lesson1\task4\task4.csproj", "{FF0594A0-622C-438A-B2EE-AEC1527B6F9A}"
EndProject
Project("{9A19103F-16F7-4668-BE54-9A1E7A4F7556}") = "task5", "Lectures\Lesson1\task5\task5.csproj", "{7119E7EB-B89B-40A3-80C0-A819029992B0}"
EndProject
Project("{2150E333-8FDC-42A3-9474-1A3956D46DE8}") = "Lesson2", "Lesson2", "{29286290-53F9-451C-B66D-659CDF9BBFFF}"
EndProject
Project("{9A19103F-16F7-4668-BE54-9A1E7A4F7556}") = "task1", "Lectures\Lesson2\task1\task1.csproj", "{45CD5C68-344F-4B84-B646-645C0C173000}"
EndProject
Project("{9A19103F-16F7-4668-BE54-9A1E7A4F7556}") = "task2", "Lectures\Lesson2\task2\task2.csproj", "{D3B4C776-66A4-4E2E-BB99-7130D15C23EA}"
EndProject
Project("{9A19103F-16F7-4668-BE54-9A1E7A4F7556}") = "task3", "Lectures\Lesson2\task3\task3.csproj", "{96D3F593-0C32-4DC1-9AD5-2A2529DE9A3D}"
EndProject
Project("{9A19103F-16F7-4668-BE54-9A1E7A4F7556}") = "task4", "Lectures\Lesson2\task4\task4.csproj", "{B7348E24-8A73-45FD-BB3A-F64562BBECA6}"
EndProject
Project("{2150E333-8FDC-42A3-9474-1A3956D46DE8}") = "Lesson3", "Lesson3", "{71CA7DA6-F3A8-4B76-ADA6-87C378D09004}"
EndProject
Project("{9A19103F-16F7-4668-BE54-9A1E7A4F7556}") = "task1", "Lectures\Lesson3\task1\task1.csproj", "{FBD51695-6C38-4A46-9449-52290A7BD9CC}"
EndProject
Project("{9A19103F-16F7-4668-BE54-9A1E7A4F7556}") = "task2", "Lectures\Lesson3\task2\task2.csproj", "{9CA8578C-0DF7-4756-8793-5C6AF9DE20B9}"
EndProject
Project("{9A19103F-16F7-4668-BE54-9A1E7A4F7556}") = "task3", "Lectures\Lesson3\task3\task3.csproj", "{B02D0A76-D121-4FA6-A351-70005D8137A7}"
EndProject
Project("{2150E333-8FDC-42A3-9474-1A3956D46DE8}") = "Seminars", "Seminars", "{6CACF494-3CD6-4B10-9261-C42DD0E6BE40}"
EndProject
Project("{2150E333-8FDC-42A3-9474-1A3956D46DE8}") = "Lesson1", "Lesson1", "{7E5831D9-60BB-4096-9137-0180AEC60EF7}"
EndProject
Project("{9A19103F-16F7-4668-BE54-9A1E7A4F7556}") = "task1", "Seminars\Lesson1\task1\task1.csproj", "{35738FA6-DDE8-4BED-B536-4E3C8B7DA3B6}"
EndProject
Project("{2150E333-8FDC-42A3-9474-1A3956D46DE8}") = "Lesson4", "Lesson4", "{6FDE9C86-F20B-4A5B-9D70-FD8345A32A77}"
EndProject
Project("{9A19103F-16F7-4668-BE54-9A1E7A4F7556}") = "task1", "Seminars\Lesson4\task1\task1.csproj", "{E2893B73-CBDA-472C-ADE4-822850D20968}"
EndProject
Project("{2150E333-8FDC-42A3-9474-1A3956D46DE8}") = "Lesson2", "Lesson2", "{5F3743F4-E27F-4D13-B2DA-5B0B8A354CD2}"
EndProject
Project("{2150E333-8FDC-42A3-9474-1A3956D46DE8}") = "HomeTask", "HomeTask", "{95D57C72-D869-49DA-8DAC-332D98B47431}"
EndProject
Project("{9A19103F-16F7-4668-BE54-9A1E7A4F7556}") = "task1", "Seminars\Lesson2\HomeTask\task1\task1.csproj", "{2A776334-4779-4B1F-AEB7-FA944EE3A8DE}"
EndProject
Project("{9A19103F-16F7-4668-BE54-9A1E7A4F7556}") = "task2", "Seminars\Lesson2\HomeTask\task2\task2.csproj", "{9041C59B-74CA-4FD9-A004-B3E0A863AEE7}"
EndProject
Project("{9A19103F-16F7-4668-BE54-9A1E7A4F7556}") = "task3", "Seminars\Lesson2\HomeTask\task3\task3.csproj", "{F075372C-6A49-4D08-BF44-4133AC09E06F}"
EndProject
Project("{9A19103F-16F7-4668-BE54-9A1E7A4F7556}") = "task4", "Seminars\Lesson2\HomeTask\task4\task4.csproj", "{02AC6731-3F3B-4269-BA4E-43DC832941C0}"
EndProject
Project("{2150E333-8FDC-42A3-9474-1A3956D46DE8}") = "Lesson3", "Lesson3", "{F50B860F-782C-47DA-9221-5E85E917A2D5}"
EndProject
Project("{2150E333-8FDC-42A3-9474-1A3956D46DE8}") = "ExtraHomeTask", "ExtraHomeTask", "{DDFD1014-C657-4A78-B852-88BFF8B7FC4F}"
EndProject
Project("{2150E333-8FDC-42A3-9474-1A3956D46DE8}") = "Easy", "Easy", "{65A71761-A2E8-4970-BD07-CCAADFEAEBF0}"
EndProject
Project("{9A19103F-16F7-4668-BE54-9A1E7A4F7556}") = "task1", "Seminars\Lesson3\ExtraHomeTask\Easy\task1\task1.csproj", "{FEC0F1A8-8468-47E6-A2E4-5831325CA3E0}"
EndProject
Project("{9A19103F-16F7-4668-BE54-9A1E7A4F7556}") = "task2", "Seminars\Lesson3\ExtraHomeTask\Easy\task2\task2.csproj", "{5BB16DC0-63B2-401D-8FEB-1DC6CF0EB226}"
EndProject
Project("{9A19103F-16F7-4668-BE54-9A1E7A4F7556}") = "task3", "Seminars\Lesson3\ExtraHomeTask\Easy\task3\task3.csproj", "{003CE824-CA04-4487-BB4C-70D531CB9EF0}"
EndProject
Project("{9A19103F-16F7-4668-BE54-9A1E7A4F7556}") = "task4", "Seminars\Lesson3\ExtraHomeTask\Easy\task4\task4.csproj", "{B7B1A8FD-8CD4-4D66-A640-2E9B44085142}"
EndProject
Project("{9A19103F-16F7-4668-BE54-9A1E7A4F7556}") = "task5", "Seminars\Lesson3\ExtraHomeTask\Easy\task5\task5.csproj", "{9256CB61-7511-4FE6-8742-74EFE75F6722}"
EndProject
Project("{9A19103F-16F7-4668-BE54-9A1E7A4F7556}") = "task6", "Seminars\Lesson3\ExtraHomeTask\Easy\task6\task6.csproj", "{31557C03-257F-4613-AA52-0DF9CFD08636}"
EndProject
Project("{9A19103F-16F7-4668-BE54-9A1E7A4F7556}") = "task7", "Seminars\Lesson3\ExtraHomeTask\Easy\task7\task7.csproj", "{D30A4B75-4BAB-4BDC-AB37-66638B793435}"
EndProject
Project("{2150E333-8FDC-42A3-9474-1A3956D46DE8}") = "Medium", "Medium", "{6D83C5A9-7641-417B-ACA5-06D0FE828907}"
EndProject
Project("{9A19103F-16F7-4668-BE54-9A1E7A4F7556}") = "task1", "Seminars\Lesson3\ExtraHomeTask\Medium\task1\task1.csproj", "{6F01A61A-38CB-4967-B92B-144AAD3A3CF7}"
EndProject
Project("{9A19103F-16F7-4668-BE54-9A1E7A4F7556}") = "task2", "Seminars\Lesson3\ExtraHomeTask\Medium\task2\task2.csproj", "{95160B91-2576-48A8-81A3-99F291804F6B}"
EndProject
Project("{9A19103F-16F7-4668-BE54-9A1E7A4F7556}") = "task3", "Seminars\Lesson3\ExtraHomeTask\Medium\task3\task3.csproj", "{F815A0FC-3133-45F5-8C4B-8FB1F6F6707D}"
EndProject
Global
	GlobalSection(SolutionConfigurationPlatforms) = preSolution
		Debug|Any CPU = Debug|Any CPU
		Release|Any CPU = Release|Any CPU
	EndGlobalSection
	GlobalSection(ProjectConfigurationPlatforms) = postSolution
		{B036AC20-D61B-4E50-B113-71B6724D9DFD}.Debug|Any CPU.ActiveCfg = Debug|Any CPU
		{B036AC20-D61B-4E50-B113-71B6724D9DFD}.Debug|Any CPU.Build.0 = Debug|Any CPU
		{B036AC20-D61B-4E50-B113-71B6724D9DFD}.Release|Any CPU.ActiveCfg = Release|Any CPU
		{B036AC20-D61B-4E50-B113-71B6724D9DFD}.Release|Any CPU.Build.0 = Release|Any CPU
		{D211003B-70AA-4484-8B3F-43D8A90D8547}.Debug|Any CPU.ActiveCfg = Debug|Any CPU
		{D211003B-70AA-4484-8B3F-43D8A90D8547}.Debug|Any CPU.Build.0 = Debug|Any CPU
		{D211003B-70AA-4484-8B3F-43D8A90D8547}.Release|Any CPU.ActiveCfg = Release|Any CPU
		{D211003B-70AA-4484-8B3F-43D8A90D8547}.Release|Any CPU.Build.0 = Release|Any CPU
		{120779C7-F909-4F87-9379-26FC44472F2E}.Debug|Any CPU.ActiveCfg = Debug|Any CPU
		{120779C7-F909-4F87-9379-26FC44472F2E}.Debug|Any CPU.Build.0 = Debug|Any CPU
		{120779C7-F909-4F87-9379-26FC44472F2E}.Release|Any CPU.ActiveCfg = Release|Any CPU
		{120779C7-F909-4F87-9379-26FC44472F2E}.Release|Any CPU.Build.0 = Release|Any CPU
		{7C5E847C-3FD2-4D26-A25C-AD8C32EFBDE0}.Debug|Any CPU.ActiveCfg = Debug|Any CPU
		{7C5E847C-3FD2-4D26-A25C-AD8C32EFBDE0}.Debug|Any CPU.Build.0 = Debug|Any CPU
		{7C5E847C-3FD2-4D26-A25C-AD8C32EFBDE0}.Release|Any CPU.ActiveCfg = Release|Any CPU
		{7C5E847C-3FD2-4D26-A25C-AD8C32EFBDE0}.Release|Any CPU.Build.0 = Release|Any CPU
		{FF0594A0-622C-438A-B2EE-AEC1527B6F9A}.Debug|Any CPU.ActiveCfg = Debug|Any CPU
		{FF0594A0-622C-438A-B2EE-AEC1527B6F9A}.Debug|Any CPU.Build.0 = Debug|Any CPU
		{FF0594A0-622C-438A-B2EE-AEC1527B6F9A}.Release|Any CPU.ActiveCfg = Release|Any CPU
		{FF0594A0-622C-438A-B2EE-AEC1527B6F9A}.Release|Any CPU.Build.0 = Release|Any CPU
		{7119E7EB-B89B-40A3-80C0-A819029992B0}.Debug|Any CPU.ActiveCfg = Debug|Any CPU
		{7119E7EB-B89B-40A3-80C0-A819029992B0}.Debug|Any CPU.Build.0 = Debug|Any CPU
		{7119E7EB-B89B-40A3-80C0-A819029992B0}.Release|Any CPU.ActiveCfg = Release|Any CPU
		{7119E7EB-B89B-40A3-80C0-A819029992B0}.Release|Any CPU.Build.0 = Release|Any CPU
		{45CD5C68-344F-4B84-B646-645C0C173000}.Debug|Any CPU.ActiveCfg = Debug|Any CPU
		{45CD5C68-344F-4B84-B646-645C0C173000}.Debug|Any CPU.Build.0 = Debug|Any CPU
		{45CD5C68-344F-4B84-B646-645C0C173000}.Release|Any CPU.ActiveCfg = Release|Any CPU
		{45CD5C68-344F-4B84-B646-645C0C173000}.Release|Any CPU.Build.0 = Release|Any CPU
		{D3B4C776-66A4-4E2E-BB99-7130D15C23EA}.Debug|Any CPU.ActiveCfg = Debug|Any CPU
		{D3B4C776-66A4-4E2E-BB99-7130D15C23EA}.Debug|Any CPU.Build.0 = Debug|Any CPU
		{D3B4C776-66A4-4E2E-BB99-7130D15C23EA}.Release|Any CPU.ActiveCfg = Release|Any CPU
		{D3B4C776-66A4-4E2E-BB99-7130D15C23EA}.Release|Any CPU.Build.0 = Release|Any CPU
		{96D3F593-0C32-4DC1-9AD5-2A2529DE9A3D}.Debug|Any CPU.ActiveCfg = Debug|Any CPU
		{96D3F593-0C32-4DC1-9AD5-2A2529DE9A3D}.Debug|Any CPU.Build.0 = Debug|Any CPU
		{96D3F593-0C32-4DC1-9AD5-2A2529DE9A3D}.Release|Any CPU.ActiveCfg = Release|Any CPU
		{96D3F593-0C32-4DC1-9AD5-2A2529DE9A3D}.Release|Any CPU.Build.0 = Release|Any CPU
		{B7348E24-8A73-45FD-BB3A-F64562BBECA6}.Debug|Any CPU.ActiveCfg = Debug|Any CPU
		{B7348E24-8A73-45FD-BB3A-F64562BBECA6}.Debug|Any CPU.Build.0 = Debug|Any CPU
		{B7348E24-8A73-45FD-BB3A-F64562BBECA6}.Release|Any CPU.ActiveCfg = Release|Any CPU
		{B7348E24-8A73-45FD-BB3A-F64562BBECA6}.Release|Any CPU.Build.0 = Release|Any CPU
		{FBD51695-6C38-4A46-9449-52290A7BD9CC}.Debug|Any CPU.ActiveCfg = Debug|Any CPU
		{FBD51695-6C38-4A46-9449-52290A7BD9CC}.Debug|Any CPU.Build.0 = Debug|Any CPU
		{FBD51695-6C38-4A46-9449-52290A7BD9CC}.Release|Any CPU.ActiveCfg = Release|Any CPU
		{FBD51695-6C38-4A46-9449-52290A7BD9CC}.Release|Any CPU.Build.0 = Release|Any CPU
		{9CA8578C-0DF7-4756-8793-5C6AF9DE20B9}.Debug|Any CPU.ActiveCfg = Debug|Any CPU
		{9CA8578C-0DF7-4756-8793-5C6AF9DE20B9}.Debug|Any CPU.Build.0 = Debug|Any CPU
		{9CA8578C-0DF7-4756-8793-5C6AF9DE20B9}.Release|Any CPU.ActiveCfg = Release|Any CPU
		{9CA8578C-0DF7-4756-8793-5C6AF9DE20B9}.Release|Any CPU.Build.0 = Release|Any CPU
		{B02D0A76-D121-4FA6-A351-70005D8137A7}.Debug|Any CPU.ActiveCfg = Debug|Any CPU
		{B02D0A76-D121-4FA6-A351-70005D8137A7}.Debug|Any CPU.Build.0 = Debug|Any CPU
		{B02D0A76-D121-4FA6-A351-70005D8137A7}.Release|Any CPU.ActiveCfg = Release|Any CPU
		{B02D0A76-D121-4FA6-A351-70005D8137A7}.Release|Any CPU.Build.0 = Release|Any CPU
		{35738FA6-DDE8-4BED-B536-4E3C8B7DA3B6}.Debug|Any CPU.ActiveCfg = Debug|Any CPU
		{35738FA6-DDE8-4BED-B536-4E3C8B7DA3B6}.Debug|Any CPU.Build.0 = Debug|Any CPU
		{35738FA6-DDE8-4BED-B536-4E3C8B7DA3B6}.Release|Any CPU.ActiveCfg = Release|Any CPU
		{35738FA6-DDE8-4BED-B536-4E3C8B7DA3B6}.Release|Any CPU.Build.0 = Release|Any CPU
		{E2893B73-CBDA-472C-ADE4-822850D20968}.Debug|Any CPU.ActiveCfg = Debug|Any CPU
		{E2893B73-CBDA-472C-ADE4-822850D20968}.Debug|Any CPU.Build.0 = Debug|Any CPU
		{E2893B73-CBDA-472C-ADE4-822850D20968}.Release|Any CPU.ActiveCfg = Release|Any CPU
		{E2893B73-CBDA-472C-ADE4-822850D20968}.Release|Any CPU.Build.0 = Release|Any CPU
		{2A776334-4779-4B1F-AEB7-FA944EE3A8DE}.Debug|Any CPU.ActiveCfg = Debug|Any CPU
		{2A776334-4779-4B1F-AEB7-FA944EE3A8DE}.Debug|Any CPU.Build.0 = Debug|Any CPU
		{2A776334-4779-4B1F-AEB7-FA944EE3A8DE}.Release|Any CPU.ActiveCfg = Release|Any CPU
		{2A776334-4779-4B1F-AEB7-FA944EE3A8DE}.Release|Any CPU.Build.0 = Release|Any CPU
		{9041C59B-74CA-4FD9-A004-B3E0A863AEE7}.Debug|Any CPU.ActiveCfg = Debug|Any CPU
		{9041C59B-74CA-4FD9-A004-B3E0A863AEE7}.Debug|Any CPU.Build.0 = Debug|Any CPU
		{9041C59B-74CA-4FD9-A004-B3E0A863AEE7}.Release|Any CPU.ActiveCfg = Release|Any CPU
		{9041C59B-74CA-4FD9-A004-B3E0A863AEE7}.Release|Any CPU.Build.0 = Release|Any CPU
		{F075372C-6A49-4D08-BF44-4133AC09E06F}.Debug|Any CPU.ActiveCfg = Debug|Any CPU
		{F075372C-6A49-4D08-BF44-4133AC09E06F}.Debug|Any CPU.Build.0 = Debug|Any CPU
		{F075372C-6A49-4D08-BF44-4133AC09E06F}.Release|Any CPU.ActiveCfg = Release|Any CPU
		{F075372C-6A49-4D08-BF44-4133AC09E06F}.Release|Any CPU.Build.0 = Release|Any CPU
		{02AC6731-3F3B-4269-BA4E-43DC832941C0}.Debug|Any CPU.ActiveCfg = Debug|Any CPU
		{02AC6731-3F3B-4269-BA4E-43DC832941C0}.Debug|Any CPU.Build.0 = Debug|Any CPU
		{02AC6731-3F3B-4269-BA4E-43DC832941C0}.Release|Any CPU.ActiveCfg = Release|Any CPU
		{02AC6731-3F3B-4269-BA4E-43DC832941C0}.Release|Any CPU.Build.0 = Release|Any CPU
		{FEC0F1A8-8468-47E6-A2E4-5831325CA3E0}.Debug|Any CPU.ActiveCfg = Debug|Any CPU
		{FEC0F1A8-8468-47E6-A2E4-5831325CA3E0}.Debug|Any CPU.Build.0 = Debug|Any CPU
		{FEC0F1A8-8468-47E6-A2E4-5831325CA3E0}.Release|Any CPU.ActiveCfg = Release|Any CPU
		{FEC0F1A8-8468-47E6-A2E4-5831325CA3E0}.Release|Any CPU.Build.0 = Release|Any CPU
		{5BB16DC0-63B2-401D-8FEB-1DC6CF0EB226}.Debug|Any CPU.ActiveCfg = Debug|Any CPU
		{5BB16DC0-63B2-401D-8FEB-1DC6CF0EB226}.Debug|Any CPU.Build.0 = Debug|Any CPU
		{5BB16DC0-63B2-401D-8FEB-1DC6CF0EB226}.Release|Any CPU.ActiveCfg = Release|Any CPU
		{5BB16DC0-63B2-401D-8FEB-1DC6CF0EB226}.Release|Any CPU.Build.0 = Release|Any CPU
		{003CE824-CA04-4487-BB4C-70D531CB9EF0}.Debug|Any CPU.ActiveCfg = Debug|Any CPU
		{003CE824-CA04-4487-BB4C-70D531CB9EF0}.Debug|Any CPU.Build.0 = Debug|Any CPU
		{003CE824-CA04-4487-BB4C-70D531CB9EF0}.Release|Any CPU.ActiveCfg = Release|Any CPU
		{003CE824-CA04-4487-BB4C-70D531CB9EF0}.Release|Any CPU.Build.0 = Release|Any CPU
		{B7B1A8FD-8CD4-4D66-A640-2E9B44085142}.Debug|Any CPU.ActiveCfg = Debug|Any CPU
		{B7B1A8FD-8CD4-4D66-A640-2E9B44085142}.Debug|Any CPU.Build.0 = Debug|Any CPU
		{B7B1A8FD-8CD4-4D66-A640-2E9B44085142}.Release|Any CPU.ActiveCfg = Release|Any CPU
		{B7B1A8FD-8CD4-4D66-A640-2E9B44085142}.Release|Any CPU.Build.0 = Release|Any CPU
		{9256CB61-7511-4FE6-8742-74EFE75F6722}.Debug|Any CPU.ActiveCfg = Debug|Any CPU
		{9256CB61-7511-4FE6-8742-74EFE75F6722}.Debug|Any CPU.Build.0 = Debug|Any CPU
		{9256CB61-7511-4FE6-8742-74EFE75F6722}.Release|Any CPU.ActiveCfg = Release|Any CPU
		{9256CB61-7511-4FE6-8742-74EFE75F6722}.Release|Any CPU.Build.0 = Release|Any CPU
		{31557C03-257F-4613-AA52-0DF9CFD08636}.Debug|Any CPU.ActiveCfg = Debug|Any CPU
		{31557C03-257F-4613-AA52-0DF9CFD08636}.Debug|Any CPU.Build.0 = Debug|Any CPU
		{31557C03-257F-4613-AA52-0DF9CFD08636}.Release|Any CPU.ActiveCfg = Release|Any CPU
		{31557C03-257F-4613-AA52-0DF9CFD08636}.Release|Any CPU.Build.0 = Release|Any CPU
		{D30A4B75-4BAB-4BDC-AB37-66638B793435}.Debug|Any CPU.ActiveCfg = Debug|Any CPU
		{D30A4B75-4BAB-4BDC-AB37-66638B793435}.Debug|Any CPU.Build.0 = Debug|Any CPU
		{D30A4B75-4BAB-4BDC-AB37-66638B793435}.Release|Any CPU.ActiveCfg = Release|Any CPU
		{D30A4B75-4BAB-4BDC-AB37-66638B793435}.Release|Any CPU.Build.0 = Release|Any CPU
		{6F01A61A-38CB-4967-B92B-144AAD3A3CF7}.Debug|Any CPU.ActiveCfg = Debug|Any CPU
		{6F01A61A-38CB-4967-B92B-144AAD3A3CF7}.Debug|Any CPU.Build.0 = Debug|Any CPU
		{6F01A61A-38CB-4967-B92B-144AAD3A3CF7}.Release|Any CPU.ActiveCfg = Release|Any CPU
		{6F01A61A-38CB-4967-B92B-144AAD3A3CF7}.Release|Any CPU.Build.0 = Release|Any CPU
		{95160B91-2576-48A8-81A3-99F291804F6B}.Debug|Any CPU.ActiveCfg = Debug|Any CPU
		{95160B91-2576-48A8-81A3-99F291804F6B}.Debug|Any CPU.Build.0 = Debug|Any CPU
		{95160B91-2576-48A8-81A3-99F291804F6B}.Release|Any CPU.ActiveCfg = Release|Any CPU
		{95160B91-2576-48A8-81A3-99F291804F6B}.Release|Any CPU.Build.0 = Release|Any CPU
		{F815A0FC-3133-45F5-8C4B-8FB1F6F6707D}.Debug|Any CPU.ActiveCfg = Debug|Any CPU
		{F815A0FC-3133-45F5-8C4B-8FB1F6F6707D}.Debug|Any CPU.Build.0 = Debug|Any CPU
		{F815A0FC-3133-45F5-8C4B-8FB1F6F6707D}.Release|Any CPU.ActiveCfg = Release|Any CPU
		{F815A0FC-3133-45F5-8C4B-8FB1F6F6707D}.Release|Any CPU.Build.0 = Release|Any CPU
	EndGlobalSection
	GlobalSection(SolutionProperties) = preSolution
		HideSolutionNode = FALSE
	EndGlobalSection
	GlobalSection(NestedProjects) = preSolution
		{91758E71-D136-4268-955B-906A4720AF20} = {C7532FD5-DC44-4E5D-B6A5-782C1BD26090}
		{B036AC20-D61B-4E50-B113-71B6724D9DFD} = {91758E71-D136-4268-955B-906A4720AF20}
		{D211003B-70AA-4484-8B3F-43D8A90D8547} = {91758E71-D136-4268-955B-906A4720AF20}
		{120779C7-F909-4F87-9379-26FC44472F2E} = {91758E71-D136-4268-955B-906A4720AF20}
		{7C5E847C-3FD2-4D26-A25C-AD8C32EFBDE0} = {91758E71-D136-4268-955B-906A4720AF20}
		{FF0594A0-622C-438A-B2EE-AEC1527B6F9A} = {91758E71-D136-4268-955B-906A4720AF20}
		{7119E7EB-B89B-40A3-80C0-A819029992B0} = {91758E71-D136-4268-955B-906A4720AF20}
		{29286290-53F9-451C-B66D-659CDF9BBFFF} = {C7532FD5-DC44-4E5D-B6A5-782C1BD26090}
		{45CD5C68-344F-4B84-B646-645C0C173000} = {29286290-53F9-451C-B66D-659CDF9BBFFF}
		{D3B4C776-66A4-4E2E-BB99-7130D15C23EA} = {29286290-53F9-451C-B66D-659CDF9BBFFF}
		{96D3F593-0C32-4DC1-9AD5-2A2529DE9A3D} = {29286290-53F9-451C-B66D-659CDF9BBFFF}
		{B7348E24-8A73-45FD-BB3A-F64562BBECA6} = {29286290-53F9-451C-B66D-659CDF9BBFFF}
		{71CA7DA6-F3A8-4B76-ADA6-87C378D09004} = {C7532FD5-DC44-4E5D-B6A5-782C1BD26090}
		{FBD51695-6C38-4A46-9449-52290A7BD9CC} = {71CA7DA6-F3A8-4B76-ADA6-87C378D09004}
		{9CA8578C-0DF7-4756-8793-5C6AF9DE20B9} = {71CA7DA6-F3A8-4B76-ADA6-87C378D09004}
		{B02D0A76-D121-4FA6-A351-70005D8137A7} = {71CA7DA6-F3A8-4B76-ADA6-87C378D09004}
		{7E5831D9-60BB-4096-9137-0180AEC60EF7} = {6CACF494-3CD6-4B10-9261-C42DD0E6BE40}
		{35738FA6-DDE8-4BED-B536-4E3C8B7DA3B6} = {7E5831D9-60BB-4096-9137-0180AEC60EF7}
		{6FDE9C86-F20B-4A5B-9D70-FD8345A32A77} = {6CACF494-3CD6-4B10-9261-C42DD0E6BE40}
		{E2893B73-CBDA-472C-ADE4-822850D20968} = {6FDE9C86-F20B-4A5B-9D70-FD8345A32A77}
		{5F3743F4-E27F-4D13-B2DA-5B0B8A354CD2} = {6CACF494-3CD6-4B10-9261-C42DD0E6BE40}
		{95D57C72-D869-49DA-8DAC-332D98B47431} = {5F3743F4-E27F-4D13-B2DA-5B0B8A354CD2}
		{2A776334-4779-4B1F-AEB7-FA944EE3A8DE} = {95D57C72-D869-49DA-8DAC-332D98B47431}
		{9041C59B-74CA-4FD9-A004-B3E0A863AEE7} = {95D57C72-D869-49DA-8DAC-332D98B47431}
		{F075372C-6A49-4D08-BF44-4133AC09E06F} = {95D57C72-D869-49DA-8DAC-332D98B47431}
		{02AC6731-3F3B-4269-BA4E-43DC832941C0} = {95D57C72-D869-49DA-8DAC-332D98B47431}
		{F50B860F-782C-47DA-9221-5E85E917A2D5} = {6CACF494-3CD6-4B10-9261-C42DD0E6BE40}
		{DDFD1014-C657-4A78-B852-88BFF8B7FC4F} = {F50B860F-782C-47DA-9221-5E85E917A2D5}
		{65A71761-A2E8-4970-BD07-CCAADFEAEBF0} = {DDFD1014-C657-4A78-B852-88BFF8B7FC4F}
		{FEC0F1A8-8468-47E6-A2E4-5831325CA3E0} = {65A71761-A2E8-4970-BD07-CCAADFEAEBF0}
		{5BB16DC0-63B2-401D-8FEB-1DC6CF0EB226} = {65A71761-A2E8-4970-BD07-CCAADFEAEBF0}
		{003CE824-CA04-4487-BB4C-70D531CB9EF0} = {65A71761-A2E8-4970-BD07-CCAADFEAEBF0}
		{B7B1A8FD-8CD4-4D66-A640-2E9B44085142} = {65A71761-A2E8-4970-BD07-CCAADFEAEBF0}
		{9256CB61-7511-4FE6-8742-74EFE75F6722} = {65A71761-A2E8-4970-BD07-CCAADFEAEBF0}
		{31557C03-257F-4613-AA52-0DF9CFD08636} = {65A71761-A2E8-4970-BD07-CCAADFEAEBF0}
		{D30A4B75-4BAB-4BDC-AB37-66638B793435} = {65A71761-A2E8-4970-BD07-CCAADFEAEBF0}
		{6D83C5A9-7641-417B-ACA5-06D0FE828907} = {DDFD1014-C657-4A78-B852-88BFF8B7FC4F}
		{6F01A61A-38CB-4967-B92B-144AAD3A3CF7} = {6D83C5A9-7641-417B-ACA5-06D0FE828907}
		{95160B91-2576-48A8-81A3-99F291804F6B} = {6D83C5A9-7641-417B-ACA5-06D0FE828907}
		{F815A0FC-3133-45F5-8C4B-8FB1F6F6707D} = {6D83C5A9-7641-417B-ACA5-06D0FE828907}
	EndGlobalSection
	GlobalSection(ExtensibilityGlobals) = postSolution
		SolutionGuid = {D77D23A9-6500-478E-A793-30627BB660AF}
	EndGlobalSection
EndGlobal
